
Microsoft Visual Studio Solution File, Format Version 12.00
# Visual Studio Version 17
VisualStudioVersion = 17.11.35327.3
MinimumVisualStudioVersion = 10.0.40219.1
Project("{FAE04EC0-301F-11D3-BF4B-00C04F79EFBC}") = "Blish HUD SPARK", "Blish HUD SPARK.csproj", "{70BF8E73-5DCA-40D3-9EDC-18AC373294DD}"
EndProject
Global
	GlobalSection(SolutionConfigurationPlatforms) = preSolution
		Debug|x64 = Debug|x64
		Release|x64 = Release|x64
	EndGlobalSection
	GlobalSection(ProjectConfigurationPlatforms) = postSolution
		{70BF8E73-5DCA-40D3-9EDC-18AC373294DD}.Debug|x64.ActiveCfg = Debug|x64
		{70BF8E73-5DCA-40D3-9EDC-18AC373294DD}.Debug|x64.Build.0 = Debug|x64
		{70BF8E73-5DCA-40D3-9EDC-18AC373294DD}.Release|x64.ActiveCfg = Release|x64
		{70BF8E73-5DCA-40D3-9EDC-18AC373294DD}.Release|x64.Build.0 = Release|x64
	EndGlobalSection
	GlobalSection(SolutionProperties) = preSolution
		HideSolutionNode = FALSE
	EndGlobalSection
	GlobalSection(ExtensibilityGlobals) = postSolution
		SolutionGuid = {DE6A77CE-F074-43CA-A214-E5C5AA1FD0A2}
	EndGlobalSection
EndGlobal
